lockfileVersion: '9.0'

settings:
  autoInstallPeers: true
  excludeLinksFromLockfile: false

importers:

  .:
    dependencies:
      '@cloudflare/sandbox':
        specifier: 0.8.1
        version: 0.8.1
    devDependencies:
      '@cloudflare/workers-types':
        specifier: ^4.20260606.1
        version: 4.20260610.1
      typescript:
        specifier: ^6.0.3
        version: 6.0.3

packages:

  '@cloudflare/containers@0.2.4':
    resolution: {integrity: sha512-G/Wsl0EuLbSgXyr9zv7cetUO90NyinKIMZvXae/C5R5BY3XMl9ZUdplvcofylAwRZjBEUm+aUugWxIiiKQU0ZA==}

  '@cloudflare/sandbox@0.8.1':
    resolution: {integrity: sha512-qEp6WVFlhJV2c54RIdyZ1GwFS7g3rgsv8+qt9wrSbrVxyKc1oUZ5afXeshaWgZVXSaOLhbIx2x1/kMDNeTMVmA==}
    peerDependencies:
      '@openai/agents': ^0.3.3
      '@opencode-ai/sdk': ^1.1.40
      '@xterm/xterm': '>=5.0.0'
    peerDependenciesMeta:
      '@openai/agents':
        optional: true
      '@opencode-ai/sdk':
        optional: true
      '@xterm/xterm':
        optional: true

  '@cloudflare/workers-types@4.20260610.1':
    resolution: {integrity: sha512-Mk/f3lUygeIHzQ4HnJjU/JvGg/kllgp9gISty9nylHE/2M2MFeKO+hgAKSgiPpmwUbuhewdYGgqFGgT/ADK0/g==}

  aws4fetch@1.0.20:
    resolution: {integrity: sha512-/djoAN709iY65ETD6LKCtyyEI04XIBP5xVvfmNxsEP0uJB5tyaGBztSryRr4HqMStr9R06PisQE7m9zDTXKu6g==}

  typescript@6.0.3:
    resolution: {integrity: sha512-y2TvuxSZPDyQakkFRPZHKFm+KKVqIisdg9/CZwm9ftvKXLP8NRWj38/ODjNbr43SsoXqNuAisEf1GdCxqWcdBw==}
    engines: {node: '>=14.17'}
    hasBin: true

snapshots:

  '@cloudflare/containers@0.2.4': {}

  '@cloudflare/sandbox@0.8.1':
    dependencies:
      '@cloudflare/containers': 0.2.4
      aws4fetch: 1.0.20

  '@cloudflare/workers-types@4.20260610.1': {}

  aws4fetch@1.0.20: {}

  typescript@6.0.3: {}
